// !$*UTF8*$!
{
	archiveVersion = 1;
	classes = {
	};
	objectVersion = 46;
	objects = {

/* Begin PBXBuildFile section */
		A326B6BB1549A94900FE99D7 /* www in Resources */ = {isa = PBXBuildFile; fileRef = A326B6BA1549A94900FE99D7 /* www */; };
		A372CD221549A71000E41CF7 /* Foundation.framework in Frameworks */ = {isa = PBXBuildFile; fileRef = A372CD211549A71000E41CF7 /* Foundation.framework */; };
		A372CD241549A71000E41CF7 /* UIKit.framework in Frameworks */ = {isa = PBXBuildFile; fileRef = A372CD231549A71000E41CF7 /* UIKit.framework */; };
		A372CD261549A71000E41CF7 /* CoreGraphics.framework in Frameworks */ = {isa = PBXBuildFile; fileRef = A372CD251549A71000E41CF7 /* CoreGraphics.framework */; };
		A372CD281549A71000E41CF7 /* AddressBook.framework in Frameworks */ = {isa = PBXBuildFile; fileRef = A372CD271549A71000E41CF7 /* AddressBook.framework */; };
		A372CD2A1549A71000E41CF7 /* AddressBookUI.framework in Frameworks */ = {isa = PBXBuildFile; fileRef = A372CD291549A71000E41CF7 /* AddressBookUI.framework */; };
		A372CD2C1549A71000E41CF7 /* AudioToolbox.framework in Frameworks */ = {isa = PBXBuildFile; fileRef = A372CD2B1549A71000E41CF7 /* AudioToolbox.framework */; };
		A372CD2E1549A71000E41CF7 /* AVFoundation.framework in Frameworks */ = {isa = PBXBuildFile; fileRef = A372CD2D1549A71000E41CF7 /* AVFoundation.framework */; };
		A372CD301549A71000E41CF7 /* CoreLocation.framework in Frameworks */ = {isa = PBXBuildFile; fileRef = A372CD2F1549A71000E41CF7 /* CoreLocation.framework */; };
		A372CD321549A71000E41CF7 /* MediaPlayer.framework in Frameworks */ = {isa = PBXBuildFile; fileRef = A372CD311549A71000E41CF7 /* MediaPlayer.framework */; };
		A372CD341549A71000E41CF7 /* QuartzCore.framework in Frameworks */ = {isa = PBXBuildFile; fileRef = A372CD331549A71000E41CF7 /* QuartzCore.framework */; };
		A372CD361549A71000E41CF7 /* SystemConfiguration.framework in Frameworks */ = {isa = PBXBuildFile; fileRef = A372CD351549A71000E41CF7 /* SystemConfiguration.framework */; };
		A372CD381549A71000E41CF7 /* MobileCoreServices.framework in Frameworks */ = {isa = PBXBuildFile; fileRef = A372CD371549A71000E41CF7 /* MobileCoreServices.framework */; };
		A372CD3A1549A71000E41CF7 /* CoreMedia.framework in Frameworks */ = {isa = PBXBuildFile; fileRef = A372CD391549A71000E41CF7 /* CoreMedia.framework */; };
		A372CD401549A71000E41CF7 /* InfoPlist.strings in Resources */ = {isa = PBXBuildFile; fileRef = A372CD3E1549A71000E41CF7 /* InfoPlist.strings */; };
		A372CD421549A71000E41CF7 /* main.m in Sources */ = {isa = PBXBuildFile; fileRef = A372CD411549A71000E41CF7 /* main.m */; };
		A372CD451549A71000E41CF7 /* Cordova.framework in Frameworks */ = {isa = PBXBuildFile; fileRef = A372CD441549A71000E41CF7 /* Cordova.framework */; };
		A372CD4A1549A71000E41CF7 /* Localizable.strings in Resources */ = {isa = PBXBuildFile; fileRef = A372CD481549A71000E41CF7 /* Localizable.strings */; };
		A372CD4E1549A71000E41CF7 /* Localizable.strings in Resources */ = {isa = PBXBuildFile; fileRef = A372CD4C1549A71000E41CF7 /* Localizable.strings */; };
		A372CD521549A71000E41CF7 /* Localizable.strings in Resources */ = {isa = PBXBuildFile; fileRef = A372CD501549A71000E41CF7 /* Localizable.strings */; };
		A372CD561549A71000E41CF7 /* Localizable.strings in Resources */ = {isa = PBXBuildFile; fileRef = A372CD541549A71000E41CF7 /* Localizable.strings */; };
		A372CD591549A71000E41CF7 /* icon.png in Resources */ = {isa = PBXBuildFile; fileRef = A372CD581549A71000E41CF7 /* icon.png */; };
		A372CD5B1549A71000E41CF7 /* icon@2x.png in Resources */ = {isa = PBXBuildFile; fileRef = A372CD5A1549A71000E41CF7 /* icon@2x.png */; };
		A372CD5D1549A71000E41CF7 /* icon-72.png in Resources */ = {isa = PBXBuildFile; fileRef = A372CD5C1549A71000E41CF7 /* icon-72.png */; };
		A372CD601549A71000E41CF7 /* Default.png in Resources */ = {isa = PBXBuildFile; fileRef = A372CD5F1549A71000E41CF7 /* Default.png */; };
		A372CD621549A71000E41CF7 /* Default@2x.png in Resources */ = {isa = PBXBuildFile; fileRef = A372CD611549A71000E41CF7 /* Default@2x.png */; };
		A372CD641549A71000E41CF7 /* Capture.bundle in Resources */ = {isa = PBXBuildFile; fileRef = A372CD631549A71000E41CF7 /* Capture.bundle */; };
		A372CD661549A71000E41CF7 /* Cordova.plist in Resources */ = {isa = PBXBuildFile; fileRef = A372CD651549A71000E41CF7 /* Cordova.plist */; };
		A372CD6A1549A71000E41CF7 /* AppDelegate.m in Sources */ = {isa = PBXBuildFile; fileRef = A372CD691549A71000E41CF7 /* AppDelegate.m */; };
		A372CD6D1549A71000E41CF7 /* MainViewController.m in Sources */ = {isa = PBXBuildFile; fileRef = A372CD6C1549A71000E41CF7 /* MainViewController.m */; };
		A372CD6F1549A71000E41CF7 /* MainViewController.xib in Resources */ = {isa = PBXBuildFile; fileRef = A372CD6E1549A71000E41CF7 /* MainViewController.xib */; };
		A372CD731549A71000E41CF7 /* verify.sh in Resources */ = {isa = PBXBuildFile; fileRef = A372CD721549A71000E41CF7 /* verify.sh */; };
/* End PBXBuildFile section */

/* Begin PBXFileReference section */
		A326B6BA1549A94900FE99D7 /* www */ = {isa = PBXFileReference; lastKnownFileType = folder; path = www; sourceTree = "<group>"; };
		A372CD1D1549A71000E41CF7 /* DealerOnTheGo.app */ = {isa = PBXFileReference; explicitFileType = wrapper.application; includeInIndex = 0; path = DealerOnTheGo.app; sourceTree = BUILT_PRODUCTS_DIR; };
		A372CD211549A71000E41CF7 /* Foundation.framework */ = {isa = PBXFileReference; lastKnownFileType = wrapper.framework; name = Foundation.framework; path = System/Library/Frameworks/Foundation.framework; sourceTree = SDKROOT; };
		A372CD231549A71000E41CF7 /* UIKit.framework */ = {isa = PBXFileReference; lastKnownFileType = wrapper.framework; name = UIKit.framework; path = System/Library/Frameworks/UIKit.framework; sourceTree = SDKROOT; };
		A372CD251549A71000E41CF7 /* CoreGraphics.framework */ = {isa = PBXFileReference; lastKnownFileType = wrapper.framework; name = CoreGraphics.framework; path = System/Library/Frameworks/CoreGraphics.framework; sourceTree = SDKROOT; };
		A372CD271549A71000E41CF7 /* AddressBook.framework */ = {isa = PBXFileReference; lastKnownFileType = wrapper.framework; name = AddressBook.framework; path = System/Library/Frameworks/AddressBook.framework; sourceTree = SDKROOT; };
		A372CD291549A71000E41CF7 /* AddressBookUI.framework */ = {isa = PBXFileReference; lastKnownFileType = wrapper.framework; name = AddressBookUI.framework; path = System/Library/Frameworks/AddressBookUI.framework; sourceTree = SDKROOT; };
		A372CD2B1549A71000E41CF7 /* AudioToolbox.framework */ = {isa = PBXFileReference; lastKnownFileType = wrapper.framework; name = AudioToolbox.framework; path = System/Library/Frameworks/AudioToolbox.framework; sourceTree = SDKROOT; };
		A372CD2D1549A71000E41CF7 /* AVFoundation.framework */ = {isa = PBXFileReference; lastKnownFileType = wrapper.framework; name = AVFoundation.framework; path = System/Library/Frameworks/AVFoundation.framework; sourceTree = SDKROOT; };
		A372CD2F1549A71000E41CF7 /* CoreLocation.framework */ = {isa = PBXFileReference; lastKnownFileType = wrapper.framework; name = CoreLocation.framework; path = System/Library/Frameworks/CoreLocation.framework; sourceTree = SDKROOT; };
		A372CD311549A71000E41CF7 /* MediaPlayer.framework */ = {isa = PBXFileReference; lastKnownFileType = wrapper.framework; name = MediaPlayer.framework; path = System/Library/Frameworks/MediaPlayer.framework; sourceTree = SDKROOT; };
		A372CD331549A71000E41CF7 /* QuartzCore.framework */ = {isa = PBXFileReference; lastKnownFileType = wrapper.framework; name = QuartzCore.framework; path = System/Library/Frameworks/QuartzCore.framework; sourceTree = SDKROOT; };
		A372CD351549A71000E41CF7 /* SystemConfiguration.framework */ = {isa = PBXFileReference; lastKnownFileType = wrapper.framework; name = SystemConfiguration.framework; path = System/Library/Frameworks/SystemConfiguration.framework; sourceTree = SDKROOT; };
		A372CD371549A71000E41CF7 /* MobileCoreServices.framework */ = {isa = PBXFileReference; lastKnownFileType = wrapper.framework; name = MobileCoreServices.framework; path = System/Library/Frameworks/MobileCoreServices.framework; sourceTree = SDKROOT; };
		A372CD391549A71000E41CF7 /* CoreMedia.framework */ = {isa = PBXFileReference; lastKnownFileType = wrapper.framework; name = CoreMedia.framework; path = System/Library/Frameworks/CoreMedia.framework; sourceTree = SDKROOT; };
		A372CD3D1549A71000E41CF7 /* DealerOnTheGo-Info.plist */ = {isa = PBXFileReference; lastKnownFileType = text.plist.xml; path = "DealerOnTheGo-Info.plist"; sourceTree = "<group>"; };
		A372CD3F1549A71000E41CF7 /* en */ = {isa = PBXFileReference; lastKnownFileType = text.plist.strings; name = en; path = en.lproj/InfoPlist.strings; sourceTree = "<group>"; };
		A372CD411549A71000E41CF7 /* main.m */ = {isa = PBXFileReference; lastKnownFileType = sourcecode.c.objc; path = main.m; sourceTree = "<group>"; };
		A372CD431549A71000E41CF7 /* DealerOnTheGo-Prefix.pch */ = {isa = PBXFileReference; lastKnownFileType = sourcecode.c.h; path = "DealerOnTheGo-Prefix.pch"; sourceTree = "<group>"; };
		A372CD441549A71000E41CF7 /* Cordova.framework */ = {isa = PBXFileReference; lastKnownFileType = wrapper.framework; name = Cordova.framework; path = /Users/Shared/Cordova/Frameworks/Cordova.framework; sourceTree = "<absolute>"; };
		A372CD491549A71000E41CF7 /* en */ = {isa = PBXFileReference; lastKnownFileType = text.plist.strings; name = en; path = Resources/en.lproj/Localizable.strings; sourceTree = "<group>"; };
		A372CD4D1549A71000E41CF7 /* es */ = {isa = PBXFileReference; lastKnownFileType = text.plist.strings; name = es; path = Resources/es.lproj/Localizable.strings; sourceTree = "<group>"; };
		A372CD511549A71000E41CF7 /* de */ = {isa = PBXFileReference; lastKnownFileType = text.plist.strings; name = de; path = Resources/de.lproj/Localizable.strings; sourceTree = "<group>"; };
		A372CD551549A71000E41CF7 /* se */ = {isa = PBXFileReference; lastKnownFileType = text.plist.strings; name = se; path = Resources/se.lproj/Localizable.strings; sourceTree = "<group>"; };
		A372CD581549A71000E41CF7 /* icon.png */ = {isa = PBXFileReference; lastKnownFileType = image.png; name = icon.png; path = Resources/icons/icon.png; sourceTree = "<group>"; };
		A372CD5A1549A71000E41CF7 /* icon@2x.png */ = {isa = PBXFileReference; lastKnownFileType = image.png; name = "icon@2x.png"; path = "Resources/icons/icon@2x.png"; sourceTree = "<group>"; };
		A372CD5C1549A71000E41CF7 /* icon-72.png */ = {isa = PBXFileReference; lastKnownFileType = image.png; name = "icon-72.png"; path = "Resources/icons/icon-72.png"; sourceTree = "<group>"; };
		A372CD5F1549A71000E41CF7 /* Default.png */ = {isa = PBXFileReference; lastKnownFileType = image.png; name = Default.png; path = Resources/splash/Default.png; sourceTree = "<group>"; };
		A372CD611549A71000E41CF7 /* Default@2x.png */ = {isa = PBXFileReference; lastKnownFileType = image.png; name = "Default@2x.png"; path = "Resources/splash/Default@2x.png"; sourceTree = "<group>"; };
		A372CD631549A71000E41CF7 /* Capture.bundle */ = {isa = PBXFileReference; lastKnownFileType = "wrapper.plug-in"; name = Capture.bundle; path = Resources/Capture.bundle; sourceTree = "<group>"; };
		A372CD651549A71000E41CF7 /* Cordova.plist */ = {isa = PBXFileReference; lastKnownFileType = text.plist.xml; path = Cordova.plist; sourceTree = "<group>"; };
		A372CD681549A71000E41CF7 /* AppDelegate.h */ = {isa = PBXFileReference; lastKnownFileType = sourcecode.c.h; name = AppDelegate.h; path = Classes/AppDelegate.h; sourceTree = "<group>"; };
		A372CD691549A71000E41CF7 /* AppDelegate.m */ = {isa = PBXFileReference; lastKnownFileType = sourcecode.c.objc; name = AppDelegate.m; path = Classes/AppDelegate.m; sourceTree = "<group>"; };
		A372CD6B1549A71000E41CF7 /* MainViewController.h */ = {isa = PBXFileReference; lastKnownFileType = sourcecode.c.h; name = MainViewController.h; path = Classes/MainViewController.h; sourceTree = "<group>"; };
		A372CD6C1549A71000E41CF7 /* MainViewController.m */ = {isa = PBXFileReference; lastKnownFileType = sourcecode.c.objc; name = MainViewController.m; path = Classes/MainViewController.m; sourceTree = "<group>"; };
		A372CD6E1549A71000E41CF7 /* MainViewController.xib */ = {isa = PBXFileReference; lastKnownFileType = file.xib; name = MainViewController.xib; path = Classes/MainViewController.xib; sourceTree = "<group>"; };
		A372CD711549A71000E41CF7 /* README */ = {isa = PBXFileReference; lastKnownFileType = text; name = README; path = Plugins/README; sourceTree = "<group>"; };
		A372CD721549A71000E41CF7 /* verify.sh */ = {isa = PBXFileReference; lastKnownFileType = text.script.sh; path = verify.sh; sourceTree = "<group>"; };
/* End PBXFileReference section */

/* Begin PBXFrameworksBuildPhase section */
		A372CD171549A71000E41CF7 /* Frameworks */ = {
			isa = PBXFrameworksBuildPhase;
			buildActionMask = 2147483647;
			files = (
				A372CD221549A71000E41CF7 /* Foundation.framework in Frameworks */,
				A372CD241549A71000E41CF7 /* UIKit.framework in Frameworks */,
				A372CD261549A71000E41CF7 /* CoreGraphics.framework in Frameworks */,
				A372CD281549A71000E41CF7 /* AddressBook.framework in Frameworks */,
				A372CD2A1549A71000E41CF7 /* AddressBookUI.framework in Frameworks */,
				A372CD2C1549A71000E41CF7 /* AudioToolbox.framework in Frameworks */,
				A372CD2E1549A71000E41CF7 /* AVFoundation.framework in Frameworks */,
				A372CD301549A71000E41CF7 /* CoreLocation.framework in Frameworks */,
				A372CD321549A71000E41CF7 /* MediaPlayer.framework in Frameworks */,
				A372CD341549A71000E41CF7 /* QuartzCore.framework in Frameworks */,
				A372CD361549A71000E41CF7 /* SystemConfiguration.framework in Frameworks */,
				A372CD381549A71000E41CF7 /* MobileCoreServices.framework in Frameworks */,
				A372CD3A1549A71000E41CF7 /* CoreMedia.framework in Frameworks */,
				A372CD451549A71000E41CF7 /* Cordova.framework in Frameworks */,
			);
			runOnlyForDeploymentPostprocessing = 0;
		};
		A372CD1A1549A71000E41CF7 /* Frameworks */ = {
			isa = PBXFrameworksBuildPhase;
			buildActionMask = 2147483647;
			files = (
			);
			runOnlyForDeploymentPostprocessing = 0;
		};
/* End PBXFrameworksBuildPhase section */

/* Begin PBXGroup section */
		A372CD0F1549A71000E41CF7 = {
			isa = PBXGroup;
			children = (
				A326B6BA1549A94900FE99D7 /* www */,
				A372CD3B1549A71000E41CF7 /* DealerOnTheGo */,
				A372CD201549A71000E41CF7 /* Frameworks */,
				A372CD1E1549A71000E41CF7 /* Products */,
			);
			sourceTree = "<group>";
		};
		A372CD1E1549A71000E41CF7 /* Products */ = {
			isa = PBXGroup;
			children = (
				A372CD1D1549A71000E41CF7 /* DealerOnTheGo.app */,
			);
			name = Products;
			sourceTree = "<group>";
		};
		A372CD201549A71000E41CF7 /* Frameworks */ = {
			isa = PBXGroup;
			children = (
				A372CD211549A71000E41CF7 /* Foundation.framework */,
				A372CD231549A71000E41CF7 /* UIKit.framework */,
				A372CD251549A71000E41CF7 /* CoreGraphics.framework */,
				A372CD271549A71000E41CF7 /* AddressBook.framework */,
				A372CD291549A71000E41CF7 /* AddressBookUI.framework */,
				A372CD2B1549A71000E41CF7 /* AudioToolbox.framework */,
				A372CD2D1549A71000E41CF7 /* AVFoundation.framework */,
				A372CD2F1549A71000E41CF7 /* CoreLocation.framework */,
				A372CD311549A71000E41CF7 /* MediaPlayer.framework */,
				A372CD331549A71000E41CF7 /* QuartzCore.framework */,
				A372CD351549A71000E41CF7 /* SystemConfiguration.framework */,
				A372CD371549A71000E41CF7 /* MobileCoreServices.framework */,
				A372CD391549A71000E41CF7 /* CoreMedia.framework */,
			);
			name = Frameworks;
			sourceTree = "<group>";
		};
		A372CD3B1549A71000E41CF7 /* DealerOnTheGo */ = {
			isa = PBXGroup;
			children = (
				A372CD441549A71000E41CF7 /* Cordova.framework */,
				A372CD461549A71000E41CF7 /* Resources */,
				A372CD671549A71000E41CF7 /* Classes */,
				A372CD701549A71000E41CF7 /* Plugins */,
				A372CD3C1549A71000E41CF7 /* Supporting Files */,
			);
			path = DealerOnTheGo;
			sourceTree = "<group>";
		};
		A372CD3C1549A71000E41CF7 /* Supporting Files */ = {
			isa = PBXGroup;
			children = (
				A372CD3D1549A71000E41CF7 /* DealerOnTheGo-Info.plist */,
				A372CD3E1549A71000E41CF7 /* InfoPlist.strings */,
				A372CD411549A71000E41CF7 /* main.m */,
				A372CD431549A71000E41CF7 /* DealerOnTheGo-Prefix.pch */,
				A372CD651549A71000E41CF7 /* Cordova.plist */,
				A372CD6E1549A71000E41CF7 /* MainViewController.xib */,
				A372CD721549A71000E41CF7 /* verify.sh */,
			);
			name = "Supporting Files";
			sourceTree = "<group>";
		};
		A372CD461549A71000E41CF7 /* Resources */ = {
			isa = PBXGroup;
			children = (
				A372CD631549A71000E41CF7 /* Capture.bundle */,
				A372CD471549A71000E41CF7 /* en.lproj */,
				A372CD4B1549A71000E41CF7 /* es.lproj */,
				A372CD4F1549A71000E41CF7 /* de.lproj */,
				A372CD531549A71000E41CF7 /* se.lproj */,
				A372CD571549A71000E41CF7 /* icons */,
				A372CD5E1549A71000E41CF7 /* splash */,
			);
			name = Resources;
			sourceTree = "<group>";
		};
		A372CD471549A71000E41CF7 /* en.lproj */ = {
			isa = PBXGroup;
			children = (
				A372CD481549A71000E41CF7 /* Localizable.strings */,
			);
			name = en.lproj;
			sourceTree = "<group>";
		};
		A372CD4B1549A71000E41CF7 /* es.lproj */ = {
			isa = PBXGroup;
			children = (
				A372CD4C1549A71000E41CF7 /* Localizable.strings */,
			);
			name = es.lproj;
			sourceTree = "<group>";
		};
		A372CD4F1549A71000E41CF7 /* de.lproj */ = {
			isa = PBXGroup;
			children = (
				A372CD501549A71000E41CF7 /* Localizable.strings */,
			);
			name = de.lproj;
			sourceTree = "<group>";
		};
		A372CD531549A71000E41CF7 /* se.lproj */ = {
			isa = PBXGroup;
			children = (
				A372CD541549A71000E41CF7 /* Localizable.strings */,
			);
			name = se.lproj;
			sourceTree = "<group>";
		};
		A372CD571549A71000E41CF7 /* icons */ = {
			isa = PBXGroup;
			children = (
				A372CD581549A71000E41CF7 /* icon.png */,
				A372CD5A1549A71000E41CF7 /* icon@2x.png */,
				A372CD5C1549A71000E41CF7 /* icon-72.png */,
			);
			name = icons;
			sourceTree = "<group>";
		};
		A372CD5E1549A71000E41CF7 /* splash */ = {
			isa = PBXGroup;
			children = (
				A372CD5F1549A71000E41CF7 /* Default.png */,
				A372CD611549A71000E41CF7 /* Default@2x.png */,
			);
			name = splash;
			sourceTree = "<group>";
		};
		A372CD671549A71000E41CF7 /* Classes */ = {
			isa = PBXGroup;
			children = (
				A372CD681549A71000E41CF7 /* AppDelegate.h */,
				A372CD691549A71000E41CF7 /* AppDelegate.m */,
				A372CD6B1549A71000E41CF7 /* MainViewController.h */,
				A372CD6C1549A71000E41CF7 /* MainViewController.m */,
			);
			name = Classes;
			sourceTree = "<group>";
		};
		A372CD701549A71000E41CF7 /* Plugins */ = {
			isa = PBXGroup;
			children = (
				A372CD711549A71000E41CF7 /* README */,
			);
			name = Plugins;
			sourceTree = "<group>";
		};
/* End PBXGroup section */

/* Begin PBXNativeTarget section */
		A372CD1C1549A71000E41CF7 /* DealerOnTheGo */ = {
			isa = PBXNativeTarget;
			buildConfigurationList = A372CD761549A71000E41CF7 /* Build configuration list for PBXNativeTarget "DealerOnTheGo" */;
			buildPhases = (
				A372CD161549A71000E41CF7 /* Sources */,
				A372CD171549A71000E41CF7 /* Frameworks */,
				A372CD181549A71000E41CF7 /* Resources */,
				A372CD191549A71000E41CF7 /* Sources */,
				A372CD1A1549A71000E41CF7 /* Frameworks */,
				A372CD1B1549A71000E41CF7 /* ShellScript */,
			);
			buildRules = (
			);
			dependencies = (
			);
			name = DealerOnTheGo;
			productName = DealerOnTheGo;
			productReference = A372CD1D1549A71000E41CF7 /* DealerOnTheGo.app */;
			productType = "com.apple.product-type.application";
		};
/* End PBXNativeTarget section */

/* Begin PBXProject section */
		A372CD111549A71000E41CF7 /* Project object */ = {
			isa = PBXProject;
			attributes = {
				LastUpgradeCheck = 0430;
			};
			buildConfigurationList = A372CD141549A71000E41CF7 /* Build configuration list for PBXProject "DealerOnTheGo" */;
			compatibilityVersion = "Xcode 3.2";
			developmentRegion = English;
			hasScannedForEncodings = 0;
			knownRegions = (
				en,
				es,
				de,
				se,
			);
			mainGroup = A372CD0F1549A71000E41CF7;
			productRefGroup = A372CD1E1549A71000E41CF7 /* Products */;
			projectDirPath = "";
			projectRoot = "";
			targets = (
				A372CD1C1549A71000E41CF7 /* DealerOnTheGo */,
			);
		};
/* End PBXProject section */

/* Begin PBXResourcesBuildPhase section */
		A372CD181549A71000E41CF7 /* Resources */ = {
			isa = PBXResourcesBuildPhase;
			buildActionMask = 2147483647;
			files = (
				A372CD401549A71000E41CF7 /* InfoPlist.strings in Resources */,
				A372CD4A1549A71000E41CF7 /* Localizable.strings in Resources */,
				A372CD4E1549A71000E41CF7 /* Localizable.strings in Resources */,
				A372CD521549A71000E41CF7 /* Localizable.strings in Resources */,
				A372CD561549A71000E41CF7 /* Localizable.strings in Resources */,
				A372CD591549A71000E41CF7 /* icon.png in Resources */,
				A372CD5B1549A71000E41CF7 /* icon@2x.png in Resources */,
				A372CD5D1549A71000E41CF7 /* icon-72.png in Resources */,
				A372CD601549A71000E41CF7 /* Default.png in Resources */,
				A372CD621549A71000E41CF7 /* Default@2x.png in Resources */,
				A372CD641549A71000E41CF7 /* Capture.bundle in Resources */,
				A372CD661549A71000E41CF7 /* Cordova.plist in Resources */,
				A372CD6F1549A71000E41CF7 /* MainViewController.xib in Resources */,
				A372CD731549A71000E41CF7 /* verify.sh in Resources */,
				A326B6BB1549A94900FE99D7 /* www in Resources */,
			);
			runOnlyForDeploymentPostprocessing = 0;
		};
/* End PBXResourcesBuildPhase section */

/* Begin PBXShellScriptBuildPhase section */
		A372CD1B1549A71000E41CF7 /* ShellScript */ = {
			isa = PBXShellScriptBuildPhase;
			buildActionMask = 2147483647;
			files = (
			);
			inputPaths = (
			);
			outputPaths = (
			);
			runOnlyForDeploymentPostprocessing = 0;
			shellPath = /bin/bash;
			shellScript = "\n\t\t\t\t\t\t\t\tchmod 755 \"$PROJECT_DIR/$PROJECT_NAME/verify.sh\"\n\t\t\t\t\t\t\t\t\"$PROJECT_DIR/$PROJECT_NAME/verify.sh\"\n\t\t\t\t\t";
		};
/* End PBXShellScriptBuildPhase section */

/* Begin PBXSourcesBuildPhase section */
		A372CD161549A71000E41CF7 /* Sources */ = {
			isa = PBXSourcesBuildPhase;
			buildActionMask = 2147483647;
			files = (
				A372CD421549A71000E41CF7 /* main.m in Sources */,
				A372CD6A1549A71000E41CF7 /* AppDelegate.m in Sources */,
				A372CD6D1549A71000E41CF7 /* MainViewController.m in Sources */,
			);
			runOnlyForDeploymentPostprocessing = 0;
		};
		A372CD191549A71000E41CF7 /* Sources */ = {
			isa = PBXSourcesBuildPhase;
			buildActionMask = 2147483647;
			files = (
			);
			runOnlyForDeploymentPostprocessing = 0;
		};
/* End PBXSourcesBuildPhase section */

/* Begin PBXVariantGroup section */
		A372CD3E1549A71000E41CF7 /* InfoPlist.strings */ = {
			isa = PBXVariantGroup;
			children = (
				A372CD3F1549A71000E41CF7 /* en */,
			);
			name = InfoPlist.strings;
			sourceTree = "<group>";
		};
		A372CD481549A71000E41CF7 /* Localizable.strings */ = {
			isa = PBXVariantGroup;
			children = (
				A372CD491549A71000E41CF7 /* en */,
			);
			name = Localizable.strings;
			sourceTree = "<group>";
		};
		A372CD4C1549A71000E41CF7 /* Localizable.strings */ = {
			isa = PBXVariantGroup;
			children = (
				A372CD4D1549A71000E41CF7 /* es */,
			);
			name = Localizable.strings;
			sourceTree = "<group>";
		};
		A372CD501549A71000E41CF7 /* Localizable.strings */ = {
			isa = PBXVariantGroup;
			children = (
				A372CD511549A71000E41CF7 /* de */,
			);
			name = Localizable.strings;
			sourceTree = "<group>";
		};
		A372CD541549A71000E41CF7 /* Localizable.strings */ = {
			isa = PBXVariantGroup;
			children = (
				A372CD551549A71000E41CF7 /* se */,
			);
			name = Localizable.strings;
			sourceTree = "<group>";
		};
/* End PBXVariantGroup section */

/* Begin XCBuildConfiguration section */
		A372CD741549A71000E41CF7 /* Debug */ = {
			isa = XCBuildConfiguration;
			buildSettings = {
				ALWAYS_SEARCH_USER_PATHS = NO;
				ARCHS = (
					armv6,
					"$(ARCHS_STANDARD_32_BIT)",
				);
				CODE_SIGN_IDENTITY = "iPhone Developer: Luke Seelenbinder (UFJ5Z9MM74)";
				"CODE_SIGN_IDENTITY[sdk=iphoneos*]" = "iPhone Developer: Luke Seelenbinder (UFJ5Z9MM74)";
				COPY_PHASE_STRIP = NO;
				GCC_C_LANGUAGE_STANDARD = gnu99;
				GCC_DYNAMIC_NO_PIC = NO;
				GCC_OPTIMIZATION_LEVEL = 0;
				GCC_PREPROCESSOR_DEFINITIONS = (
					"DEBUG=1",
					"$(inherited)",
				);
				GCC_SYMBOLS_PRIVATE_EXTERN = NO;
				GCC_VERSION = com.apple.compilers.llvm.clang.1_0;
				GCC_WARN_ABOUT_RETURN_TYPE = YES;
				GCC_WARN_UNINITIALIZED_AUTOS = YES;
				GCC_WARN_UNUSED_VARIABLE = YES;
				IPHONEOS_DEPLOYMENT_TARGET = 3.0;
				PROVISIONING_PROFILE = "99F7B294-FA46-4DDD-87A6-42680326E485";
				"PROVISIONING_PROFILE[sdk=iphoneos*]" = "99F7B294-FA46-4DDD-87A6-42680326E485";
				SDKROOT = iphoneos;
				TARGETED_DEVICE_FAMILY = "1,2";
			};
			name = Debug;
		};
		A372CD751549A71000E41CF7 /* Release */ = {
			isa = XCBuildConfiguration;
			buildSettings = {
				ALWAYS_SEARCH_USER_PATHS = NO;
				ARCHS = (
					armv6,
					"$(ARCHS_STANDARD_32_BIT)",
				);
				CODE_SIGN_IDENTITY = "iPhone Developer: Luke Seelenbinder (UFJ5Z9MM74)";
				"CODE_SIGN_IDENTITY[sdk=iphoneos*]" = "iPhone Developer: Luke Seelenbinder (UFJ5Z9MM74)";
				COPY_PHASE_STRIP = YES;
				GCC_C_LANGUAGE_STANDARD = gnu99;
				GCC_VERSION = com.apple.compilers.llvm.clang.1_0;
				GCC_WARN_ABOUT_RETURN_TYPE = YES;
				GCC_WARN_UNINITIALIZED_AUTOS = YES;
				GCC_WARN_UNUSED_VARIABLE = YES;
				IPHONEOS_DEPLOYMENT_TARGET = 3.0;
				PROVISIONING_PROFILE = "99F7B294-FA46-4DDD-87A6-42680326E485";
				"PROVISIONING_PROFILE[sdk=iphoneos*]" = "99F7B294-FA46-4DDD-87A6-42680326E485";
				SDKROOT = iphoneos;
				TARGETED_DEVICE_FAMILY = "1,2";
				VALIDATE_PRODUCT = YES;
			};
			name = Release;
		};
		A372CD771549A71000E41CF7 /* Debug */ = {
			isa = XCBuildConfiguration;
			buildSettings = {
				ALWAYS_SEARCH_USER_PATHS = YES;
				COPY_PHASE_STRIP = NO;
				FRAMEWORK_SEARCH_PATHS = /Users/Shared/Cordova/Frameworks;
				GCC_DYNAMIC_NO_PIC = NO;
				GCC_PRECOMPILE_PREFIX_HEADER = YES;
				GCC_PREFIX_HEADER = "DealerOnTheGo/DealerOnTheGo-Prefix.pch";
				GCC_PREPROCESSOR_DEFINITIONS = (
					"DEBUG=1,",
					"CORDOVA_FRAMEWORK=1",
				);
				INFOPLIST_FILE = "DealerOnTheGo/DealerOnTheGo-Info.plist";
				OTHER_LDFLAGS = (
					"-weak_framework",
					UIKit,
					"-weak_framework",
					AVFoundation,
					"-weak_framework",
					CoreMedia,
					"-weak_library",
					/usr/lib/libSystem.B.dylib,
				);
				PRODUCT_NAME = "$(TARGET_NAME)";
				TARGETED_DEVICE_FAMILY = "1,2";
				WRAPPER_EXTENSION = app;
			};
			name = Debug;
		};
		A372CD781549A71000E41CF7 /* Release */ = {
			isa = XCBuildConfiguration;
			buildSettings = {
				ALWAYS_SEARCH_USER_PATHS = YES;
				COPY_PHASE_STRIP = YES;
				DEBUG_INFORMATION_FORMAT = "dwarf-with-dsym";
				FRAMEWORK_SEARCH_PATHS = /Users/Shared/Cordova/Frameworks;
				GCC_PRECOMPILE_PREFIX_HEADER = YES;
				GCC_PREFIX_HEADER = "DealerOnTheGo/DealerOnTheGo-Prefix.pch";
				GCC_PREPROCESSOR_DEFINITIONS = (
					"NDEBUG=1,",
					"CORDOVA_FRAMEWORK=1",
				);
				INFOPLIST_FILE = "DealerOnTheGo/DealerOnTheGo-Info.plist";
				OTHER_LDFLAGS = (
					"-weak_framework",
					UIKit,
					"-weak_framework",
					AVFoundation,
					"-weak_framework",
					CoreMedia,
					"-weak_library",
					/usr/lib/libSystem.B.dylib,
				);
				PRODUCT_NAME = "$(TARGET_NAME)";
				TARGETED_DEVICE_FAMILY = "1,2";
				VALIDATE_PRODUCT = YES;
				WRAPPER_EXTENSION = app;
			};
			name = Release;
		};
/* End XCBuildConfiguration section */

/* Begin XCConfigurationList section */
		A372CD141549A71000E41CF7 /* Build configuration list for PBXProject "DealerOnTheGo" */ = {
			isa = XCConfigurationList;
			buildConfigurations = (
				A372CD741549A71000E41CF7 /* Debug */,
				A372CD751549A71000E41CF7 /* Release */,
			);
			defaultConfigurationIsVisible = 0;
			defaultConfigurationName = Release;
		};
		A372CD761549A71000E41CF7 /* Build configuration list for PBXNativeTarget "DealerOnTheGo" */ = {
			isa = XCConfigurationList;
			buildConfigurations = (
				A372CD771549A71000E41CF7 /* Debug */,
				A372CD781549A71000E41CF7 /* Release */,
			);
			defaultConfigurationIsVisible = 0;
			defaultConfigurationName = Release;
		};
/* End XCConfigurationList section */
	};
	rootObject = A372CD111549A71000E41CF7 /* Project object */;
}
